<?xml version="1.0" encoding="UTF-8"?>
<!DOCTYPE plist PUBLIC "-//Apple//DTD PLIST 1.0//EN" "http://www.apple.com/DTDs/PropertyList-1.0.dtd">
<plist version="1.0">
<dict>
	<key>archiveVersion</key>
	<string>1</string>
	<key>classes</key>
	<dict/>
	<key>objectVersion</key>
	<string>46</string>
	<key>objects</key>
	<dict>
		<key>4C41B3871883739300C45CC5</key>
		<dict>
			<key>fileEncoding</key>
			<string>4</string>
			<key>isa</key>
			<string>PBXFileReference</string>
			<key>lastKnownFileType</key>
			<string>sourcecode.c.h</string>
			<key>name</key>
			<string>TKDreamMachine.h</string>
			<key>path</key>
			<string>Quest/TKDreamMachine.h</string>
			<key>sourceTree</key>
			<string>&lt;group&gt;</string>
		</dict>
		<key>4C41B3881883739300C45CC5</key>
		<dict>
			<key>fileEncoding</key>
			<string>4</string>
			<key>isa</key>
			<string>PBXFileReference</string>
			<key>lastKnownFileType</key>
			<string>sourcecode.c.objc</string>
			<key>name</key>
			<string>TKDreamMachine.m</string>
			<key>path</key>
			<string>Quest/TKDreamMachine.m</string>
			<key>sourceTree</key>
			<string>&lt;group&gt;</string>
		</dict>
		<key>4C41B3891883739300C45CC5</key>
		<dict>
			<key>fileRef</key>
			<string>4C41B3881883739300C45CC5</string>
			<key>isa</key>
			<string>PBXBuildFile</string>
		</dict>
		<key>4C41B38A1883739300C45CC5</key>
		<dict>
			<key>fileRef</key>
			<string>4C41B3881883739300C45CC5</string>
			<key>isa</key>
			<string>PBXBuildFile</string>
		</dict>
		<key>4C43B414187FC3F200D53D79</key>
		<dict>
			<key>fileEncoding</key>
			<string>4</string>
			<key>isa</key>
			<string>PBXFileReference</string>
			<key>lastKnownFileType</key>
			<string>sourcecode.c.h</string>
			<key>path</key>
			<string>HUDWindUp.h</string>
			<key>sourceTree</key>
			<string>&lt;group&gt;</string>
		</dict>
		<key>4C43B415187FC3F200D53D79</key>
		<dict>
			<key>fileEncoding</key>
			<string>4</string>
			<key>isa</key>
			<string>PBXFileReference</string>
			<key>lastKnownFileType</key>
			<string>sourcecode.c.objc</string>
			<key>path</key>
			<string>HUDWindUp.m</string>
			<key>sourceTree</key>
			<string>&lt;group&gt;</string>
		</dict>
		<key>4C43B416187FC3F200D53D79</key>
		<dict>
			<key>fileRef</key>
			<string>4C43B415187FC3F200D53D79</string>
			<key>isa</key>
			<string>PBXBuildFile</string>
		</dict>
		<key>4C43B417187FC3F200D53D79</key>
		<dict>
			<key>fileRef</key>
			<string>4C43B415187FC3F200D53D79</string>
			<key>isa</key>
			<string>PBXBuildFile</string>
		</dict>
		<key>4C43B41C187FCA5F00D53D79</key>
		<dict>
			<key>fileEncoding</key>
			<string>4</string>
			<key>isa</key>
			<string>PBXFileReference</string>
			<key>lastKnownFileType</key>
			<string>sourcecode.c.h</string>
			<key>path</key>
			<string>HUDWindUpViewController.h</string>
			<key>sourceTree</key>
			<string>&lt;group&gt;</string>
		</dict>
		<key>4C43B41D187FCA5F00D53D79</key>
		<dict>
			<key>fileEncoding</key>
			<string>4</string>
			<key>isa</key>
			<string>PBXFileReference</string>
			<key>lastKnownFileType</key>
			<string>sourcecode.c.objc</string>
			<key>path</key>
			<string>HUDWindUpViewController.m</string>
			<key>sourceTree</key>
			<string>&lt;group&gt;</string>
		</dict>
		<key>4C43B41E187FCA5F00D53D79</key>
		<dict>
			<key>fileRef</key>
			<string>4C43B41D187FCA5F00D53D79</string>
			<key>isa</key>
			<string>PBXBuildFile</string>
		</dict>
		<key>4C43B41F187FCA5F00D53D79</key>
		<dict>
			<key>fileRef</key>
			<string>4C43B41D187FCA5F00D53D79</string>
			<key>isa</key>
			<string>PBXBuildFile</string>
		</dict>
		<key>4C43B420188207C800D53D79</key>
		<dict>
			<key>fileEncoding</key>
			<string>4</string>
			<key>isa</key>
			<string>PBXFileReference</string>
			<key>lastKnownFileType</key>
			<string>sourcecode.c.h</string>
			<key>path</key>
			<string>TKMasterKey.h</string>
			<key>sourceTree</key>
			<string>&lt;group&gt;</string>
		</dict>
		<key>4C43B421188207C800D53D79</key>
		<dict>
			<key>fileEncoding</key>
			<string>4</string>
			<key>isa</key>
			<string>PBXFileReference</string>
			<key>lastKnownFileType</key>
			<string>sourcecode.c.objc</string>
			<key>path</key>
			<string>TKMasterKey.m</string>
			<key>sourceTree</key>
			<string>&lt;group&gt;</string>
		</dict>
		<key>4C43B422188207C800D53D79</key>
		<dict>
			<key>fileRef</key>
			<string>4C43B421188207C800D53D79</string>
			<key>isa</key>
			<string>PBXBuildFile</string>
		</dict>
		<key>4C43B423188207C800D53D79</key>
		<dict>
			<key>fileRef</key>
			<string>4C43B421188207C800D53D79</string>
			<key>isa</key>
			<string>PBXBuildFile</string>
		</dict>
		<key>4C43B42818829D2200D53D79</key>
		<dict>
			<key>fileEncoding</key>
			<string>4</string>
			<key>isa</key>
			<string>PBXFileReference</string>
			<key>lastKnownFileType</key>
			<string>sourcecode.c.h</string>
			<key>path</key>
			<string>DPCircularGestureRecognizer.h</string>
			<key>sourceTree</key>
			<string>&lt;group&gt;</string>
		</dict>
		<key>4C43B42918829D2200D53D79</key>
		<dict>
			<key>fileEncoding</key>
			<string>4</string>
			<key>isa</key>
			<string>PBXFileReference</string>
			<key>lastKnownFileType</key>
			<string>sourcecode.c.objc</string>
			<key>path</key>
			<string>DPCircularGestureRecognizer.m</string>
			<key>sourceTree</key>
			<string>&lt;group&gt;</string>
		</dict>
		<key>4C43B42A18829D2200D53D79</key>
		<dict>
			<key>fileEncoding</key>
			<string>4</string>
			<key>isa</key>
			<string>PBXFileReference</string>
			<key>lastKnownFileType</key>
			<string>sourcecode.c.h</string>
			<key>path</key>
			<string>TKToy.h</string>
			<key>sourceTree</key>
			<string>&lt;group&gt;</string>
		</dict>
		<key>4C43B42B18829D2200D53D79</key>
		<dict>
			<key>fileEncoding</key>
			<string>4</string>
			<key>isa</key>
			<string>PBXFileReference</string>
			<key>lastKnownFileType</key>
			<string>sourcecode.c.objc</string>
			<key>path</key>
			<string>TKToy.m</string>
			<key>sourceTree</key>
			<string>&lt;group&gt;</string>
		</dict>
		<key>4C43B42C18829D2200D53D79</key>
		<dict>
			<key>fileRef</key>
			<string>4C43B42918829D2200D53D79</string>
			<key>isa</key>
			<string>PBXBuildFile</string>
		</dict>
		<key>4C43B42D18829D2200D53D79</key>
		<dict>
			<key>fileRef</key>
			<string>4C43B42918829D2200D53D79</string>
			<key>isa</key>
			<string>PBXBuildFile</string>
		</dict>
		<key>4C43B42E18829D2200D53D79</key>
		<dict>
			<key>fileRef</key>
			<string>4C43B42B18829D2200D53D79</string>
			<key>isa</key>
			<string>PBXBuildFile</string>
		</dict>
		<key>4C43B42F18829D2200D53D79</key>
		<dict>
			<key>fileRef</key>
			<string>4C43B42B18829D2200D53D79</string>
			<key>isa</key>
			<string>PBXBuildFile</string>
		</dict>
		<key>61BF5EAE6E1C451A9EFE1EB1</key>
		<dict>
			<key>buildActionMask</key>
			<string>2147483647</string>
			<key>files</key>
			<array/>
			<key>inputPaths</key>
			<array/>
			<key>isa</key>
			<string>PBXShellScriptBuildPhase</string>
			<key>name</key>
			<string>Copy Pods Resources</string>
			<key>outputPaths</key>
			<array/>
			<key>runOnlyForDeploymentPostprocessing</key>
			<string>0</string>
			<key>shellPath</key>
			<string>/bin/sh</string>
			<key>shellScript</key>
			<string>"${SRCROOT}/Pods/Pods-resources.sh"
</string>
			<key>showEnvVarsInLog</key>
			<string>0</string>
		</dict>
		<key>741FEC9BB5B74FFFBDA25B4D</key>
		<dict>
			<key>fileRef</key>
			<string>FA3F75FD8FA64D2F9E4CF4A6</string>
			<key>isa</key>
			<string>PBXBuildFile</string>
		</dict>
		<key>B88570A9C68443CFB897A744</key>
		<dict>
			<key>includeInIndex</key>
			<string>1</string>
			<key>isa</key>
			<string>PBXFileReference</string>
			<key>lastKnownFileType</key>
			<string>text.xcconfig</string>
			<key>name</key>
			<string>Pods.xcconfig</string>
			<key>path</key>
			<string>Pods/Pods.xcconfig</string>
			<key>sourceTree</key>
			<string>&lt;group&gt;</string>
		</dict>
		<key>B8E481591804A6E800AED6C4</key>
		<dict>
			<key>isa</key>
			<string>PBXFileReference</string>
			<key>lastKnownFileType</key>
			<string>file.sks</string>
			<key>path</key>
			<string>Spark.sks</string>
			<key>sourceTree</key>
			<string>&lt;group&gt;</string>
		</dict>
		<key>B8E4815A1804A6E800AED6C4</key>
		<dict>
			<key>isa</key>
			<string>PBXFileReference</string>
			<key>lastKnownFileType</key>
			<string>image.png</string>
			<key>path</key>
			<string>spark.png</string>
			<key>sourceTree</key>
			<string>&lt;group&gt;</string>
		</dict>
		<key>B8E4815B1804A6E800AED6C4</key>
		<dict>
			<key>fileRef</key>
			<string>B8E481591804A6E800AED6C4</string>
			<key>isa</key>
			<string>PBXBuildFile</string>
		</dict>
		<key>B8E4815C1804A6E800AED6C4</key>
		<dict>
			<key>fileRef</key>
			<string>B8E481591804A6E800AED6C4</string>
			<key>isa</key>
			<string>PBXBuildFile</string>
		</dict>
		<key>B8E4815D1804A6E800AED6C4</key>
		<dict>
			<key>fileRef</key>
			<string>B8E4815A1804A6E800AED6C4</string>
			<key>isa</key>
			<string>PBXBuildFile</string>
		</dict>
		<key>B8E4815E1804A6E800AED6C4</key>
		<dict>
			<key>fileRef</key>
			<string>B8E4815A1804A6E800AED6C4</string>
			<key>isa</key>
			<string>PBXBuildFile</string>
		</dict>
		<key>B8E4815F1805FCEB00AED6C4</key>
		<dict>
			<key>isa</key>
			<string>PBXFileReference</string>
			<key>lastKnownFileType</key>
			<string>file.sks</string>
			<key>path</key>
			<string>DeathFire.sks</string>
			<key>sourceTree</key>
			<string>&lt;group&gt;</string>
		</dict>
		<key>B8E481601805FCEB00AED6C4</key>
		<dict>
			<key>fileRef</key>
			<string>B8E4815F1805FCEB00AED6C4</string>
			<key>isa</key>
			<string>PBXBuildFile</string>
		</dict>
		<key>B8E481611805FCEB00AED6C4</key>
		<dict>
			<key>fileRef</key>
			<string>B8E4815F1805FCEB00AED6C4</string>
			<key>isa</key>
			<string>PBXBuildFile</string>
		</dict>
		<key>B8E48162180641A000AED6C4</key>
		<dict>
			<key>fileEncoding</key>
			<string>4</string>
			<key>isa</key>
			<string>PBXFileReference</string>
			<key>lastKnownFileType</key>
			<string>sourcecode.c.h</string>
			<key>path</key>
			<string>CSCoin.h</string>
			<key>sourceTree</key>
			<string>&lt;group&gt;</string>
		</dict>
		<key>B8E48163180641A000AED6C4</key>
		<dict>
			<key>fileEncoding</key>
			<string>4</string>
			<key>isa</key>
			<string>PBXFileReference</string>
			<key>lastKnownFileType</key>
			<string>sourcecode.c.objc</string>
			<key>path</key>
			<string>CSCoin.m</string>
			<key>sourceTree</key>
			<string>&lt;group&gt;</string>
		</dict>
		<key>B8E48164180641A000AED6C4</key>
		<dict>
			<key>fileRef</key>
			<string>B8E48163180641A000AED6C4</string>
			<key>isa</key>
			<string>PBXBuildFile</string>
		</dict>
		<key>B8E48165180641A000AED6C4</key>
		<dict>
			<key>fileRef</key>
			<string>B8E48163180641A000AED6C4</string>
			<key>isa</key>
			<string>PBXBuildFile</string>
		</dict>
		<key>B8ECB8C617FD101D001CEFC3</key>
		<dict>
			<key>children</key>
			<array>
				<string>4C41B3871883739300C45CC5</string>
				<string>4C41B3881883739300C45CC5</string>
				<string>B8ECB8DA17FD101D001CEFC3</string>
				<string>B8ECB90117FD101D001CEFC3</string>
				<string>B8ECB8D117FD101D001CEFC3</string>
				<string>B8ECB8D017FD101D001CEFC3</string>
				<string>B88570A9C68443CFB897A744</string>
			</array>
			<key>isa</key>
			<string>PBXGroup</string>
			<key>sourceTree</key>
			<string>&lt;group&gt;</string>
		</dict>
		<key>B8ECB8C717FD101D001CEFC3</key>
		<dict>
			<key>attributes</key>
			<dict>
				<key>CLASSPREFIX</key>
				<string>CS</string>
				<key>LastUpgradeCheck</key>
				<string>0500</string>
				<key>ORGANIZATIONNAME</key>
				<string>CartoonSmart</string>
				<key>TargetAttributes</key>
				<dict>
					<key>B8ECB8CE17FD101D001CEFC3</key>
					<dict>
						<key>DevelopmentTeam</key>
						<string>6YZKH4NY5P</string>
					</dict>
					<key>B8ECB8F917FD101D001CEFC3</key>
					<dict>
						<key>TestTargetID</key>
						<string>B8ECB8CE17FD101D001CEFC3</string>
					</dict>
				</dict>
			</dict>
			<key>buildConfigurationList</key>
			<string>B8ECB8CA17FD101D001CEFC3</string>
			<key>compatibilityVersion</key>
			<string>Xcode 3.2</string>
			<key>developmentRegion</key>
			<string>English</string>
			<key>hasScannedForEncodings</key>
			<string>0</string>
			<key>isa</key>
			<string>PBXProject</string>
			<key>knownRegions</key>
			<array>
				<string>en</string>
				<string>Base</string>
			</array>
			<key>mainGroup</key>
			<string>B8ECB8C617FD101D001CEFC3</string>
			<key>productRefGroup</key>
			<string>B8ECB8D017FD101D001CEFC3</string>
			<key>projectDirPath</key>
			<string></string>
			<key>projectReferences</key>
			<array/>
			<key>projectRoot</key>
			<string></string>
			<key>targets</key>
			<array>
				<string>B8ECB8CE17FD101D001CEFC3</string>
				<string>B8ECB8F917FD101D001CEFC3</string>
			</array>
		</dict>
		<key>B8ECB8CA17FD101D001CEFC3</key>
		<dict>
			<key>buildConfigurations</key>
			<array>
				<string>B8ECB90917FD101D001CEFC3</string>
				<string>B8ECB90A17FD101D001CEFC3</string>
			</array>
			<key>defaultConfigurationIsVisible</key>
			<string>0</string>
			<key>defaultConfigurationName</key>
			<string>Release</string>
			<key>isa</key>
			<string>XCConfigurationList</string>
		</dict>
		<key>B8ECB8CB17FD101D001CEFC3</key>
		<dict>
			<key>buildActionMask</key>
			<string>2147483647</string>
			<key>files</key>
			<array>
				<string>B8ECB8E517FD101D001CEFC3</string>
				<string>4C43B41E187FCA5F00D53D79</string>
				<string>B8ECB91B17FD12F9001CEFC3</string>
				<string>4C41B3891883739300C45CC5</string>
				<string>B8E48164180641A000AED6C4</string>
				<string>B8ECB8E117FD101D001CEFC3</string>
				<string>4C43B42C18829D2200D53D79</string>
				<string>4C43B422188207C800D53D79</string>
				<string>B8ECB91317FD10A9001CEFC3</string>
				<string>B8ECB8EE17FD101D001CEFC3</string>
				<string>4C43B42E18829D2200D53D79</string>
				<string>4C43B416187FC3F200D53D79</string>
				<string>B8ECB91F17FD1350001CEFC3</string>
			</array>
			<key>isa</key>
			<string>PBXSourcesBuildPhase</string>
			<key>runOnlyForDeploymentPostprocessing</key>
			<string>0</string>
		</dict>
		<key>B8ECB8CC17FD101D001CEFC3</key>
		<dict>
			<key>buildActionMask</key>
			<string>2147483647</string>
			<key>files</key>
			<array>
				<string>B8ECB8D517FD101D001CEFC3</string>
				<string>B8ECB8D717FD101D001CEFC3</string>
				<string>B8ECB8D917FD101D001CEFC3</string>
				<string>B8ECB8D317FD101D001CEFC3</string>
				<string>741FEC9BB5B74FFFBDA25B4D</string>
			</array>
			<key>isa</key>
			<string>PBXFrameworksBuildPhase</string>
			<key>runOnlyForDeploymentPostprocessing</key>
			<string>0</string>
		</dict>
		<key>B8ECB8CD17FD101D001CEFC3</key>
		<dict>
			<key>buildActionMask</key>
			<string>2147483647</string>
			<key>files</key>
			<array>
				<string>B8ECB92317FD140C001CEFC3</string>
				<string>B8E4815D1804A6E800AED6C4</string>
				<string>B8E481601805FCEB00AED6C4</string>
				<string>B8ECB92617FD1972001CEFC3</string>
				<string>B8ECB8F517FD101D001CEFC3</string>
				<string>B8ECB8EB17FD101D001CEFC3</string>
				<string>B8ECB93217FD19C9001CEFC3</string>
				<string>B8ECB93017FD19C9001CEFC3</string>
				<string>B8ECB8E817FD101D001CEFC3</string>
				<string>B8ECB92C17FD19C9001CEFC3</string>
				<string>B8E4815B1804A6E800AED6C4</string>
				<string>B8ECB92E17FD19C9001CEFC3</string>
				<string>B8ECB8DF17FD101D001CEFC3</string>
			</array>
			<key>isa</key>
			<string>PBXResourcesBuildPhase</string>
			<key>runOnlyForDeploymentPostprocessing</key>
			<string>0</string>
		</dict>
		<key>B8ECB8CE17FD101D001CEFC3</key>
		<dict>
			<key>buildConfigurationList</key>
			<string>B8ECB90B17FD101D001CEFC3</string>
			<key>buildPhases</key>
			<array>
				<string>C26FBFA8A49448EC98260C9F</string>
				<string>B8ECB8CB17FD101D001CEFC3</string>
				<string>B8ECB8CC17FD101D001CEFC3</string>
				<string>B8ECB8CD17FD101D001CEFC3</string>
				<string>61BF5EAE6E1C451A9EFE1EB1</string>
			</array>
			<key>buildRules</key>
			<array/>
			<key>dependencies</key>
			<array/>
			<key>isa</key>
			<string>PBXNativeTarget</string>
			<key>name</key>
			<string>Quest</string>
			<key>productName</key>
			<string>Quest</string>
			<key>productReference</key>
			<string>B8ECB8CF17FD101D001CEFC3</string>
			<key>productType</key>
			<string>com.apple.product-type.application</string>
		</dict>
		<key>B8ECB8CF17FD101D001CEFC3</key>
		<dict>
			<key>explicitFileType</key>
			<string>wrapper.application</string>
			<key>includeInIndex</key>
			<string>0</string>
			<key>isa</key>
			<string>PBXFileReference</string>
			<key>path</key>
			<string>Quest.app</string>
			<key>sourceTree</key>
			<string>BUILT_PRODUCTS_DIR</string>
		</dict>
		<key>B8ECB8D017FD101D001CEFC3</key>
		<dict>
			<key>children</key>
			<array>
				<string>B8ECB8CF17FD101D001CEFC3</string>
				<string>B8ECB8FA17FD101D001CEFC3</string>
			</array>
			<key>isa</key>
			<string>PBXGroup</string>
			<key>name</key>
			<string>Products</string>
			<key>sourceTree</key>
			<string>&lt;group&gt;</string>
		</dict>
		<key>B8ECB8D117FD101D001CEFC3</key>
		<dict>
			<key>children</key>
			<array>
				<string>B8ECB8D217FD101D001CEFC3</string>
				<string>B8ECB8D417FD101D001CEFC3</string>
				<string>B8ECB8D617FD101D001CEFC3</string>
				<string>B8ECB8D817FD101D001CEFC3</string>
				<string>B8ECB8FB17FD101D001CEFC3</string>
				<string>FA3F75FD8FA64D2F9E4CF4A6</string>
			</array>
			<key>isa</key>
			<string>PBXGroup</string>
			<key>name</key>
			<string>Frameworks</string>
			<key>sourceTree</key>
			<string>&lt;group&gt;</string>
		</dict>
		<key>B8ECB8D217FD101D001CEFC3</key>
		<dict>
			<key>isa</key>
			<string>PBXFileReference</string>
			<key>lastKnownFileType</key>
			<string>wrapper.framework</string>
			<key>name</key>
			<string>Foundation.framework</string>
			<key>path</key>
			<string>System/Library/Frameworks/Foundation.framework</string>
			<key>sourceTree</key>
			<string>SDKROOT</string>
		</dict>
		<key>B8ECB8D317FD101D001CEFC3</key>
		<dict>
			<key>fileRef</key>
			<string>B8ECB8D217FD101D001CEFC3</string>
			<key>isa</key>
			<string>PBXBuildFile</string>
		</dict>
		<key>B8ECB8D417FD101D001CEFC3</key>
		<dict>
			<key>isa</key>
			<string>PBXFileReference</string>
			<key>lastKnownFileType</key>
			<string>wrapper.framework</string>
			<key>name</key>
			<string>CoreGraphics.framework</string>
			<key>path</key>
			<string>System/Library/Frameworks/CoreGraphics.framework</string>
			<key>sourceTree</key>
			<string>SDKROOT</string>
		</dict>
		<key>B8ECB8D517FD101D001CEFC3</key>
		<dict>
			<key>fileRef</key>
			<string>B8ECB8D417FD101D001CEFC3</string>
			<key>isa</key>
			<string>PBXBuildFile</string>
		</dict>
		<key>B8ECB8D617FD101D001CEFC3</key>
		<dict>
			<key>isa</key>
			<string>PBXFileReference</string>
			<key>lastKnownFileType</key>
			<string>wrapper.framework</string>
			<key>name</key>
			<string>UIKit.framework</string>
			<key>path</key>
			<string>System/Library/Frameworks/UIKit.framework</string>
			<key>sourceTree</key>
			<string>SDKROOT</string>
		</dict>
		<key>B8ECB8D717FD101D001CEFC3</key>
		<dict>
			<key>fileRef</key>
			<string>B8ECB8D617FD101D001CEFC3</string>
			<key>isa</key>
			<string>PBXBuildFile</string>
		</dict>
		<key>B8ECB8D817FD101D001CEFC3</key>
		<dict>
			<key>isa</key>
			<string>PBXFileReference</string>
			<key>lastKnownFileType</key>
			<string>wrapper.framework</string>
			<key>name</key>
			<string>SpriteKit.framework</string>
			<key>path</key>
			<string>System/Library/Frameworks/SpriteKit.framework</string>
			<key>sourceTree</key>
			<string>SDKROOT</string>
		</dict>
		<key>B8ECB8D917FD101D001CEFC3</key>
		<dict>
			<key>fileRef</key>
			<string>B8ECB8D817FD101D001CEFC3</string>
			<key>isa</key>
			<string>PBXBuildFile</string>
		</dict>
		<key>B8ECB8DA17FD101D001CEFC3</key>
		<dict>
			<key>children</key>
			<array>
				<string>4C43B42818829D2200D53D79</string>
				<string>4C43B42918829D2200D53D79</string>
				<string>4C43B42A18829D2200D53D79</string>
				<string>4C43B42B18829D2200D53D79</string>
				<string>B8ECB8E317FD101D001CEFC3</string>
				<string>B8ECB8E417FD101D001CEFC3</string>
				<string>B8ECB8E617FD101D001CEFC3</string>
				<string>B8ECB8E917FD101D001CEFC3</string>
				<string>B8ECB8EC17FD101D001CEFC3</string>
				<string>B8ECB8ED17FD101D001CEFC3</string>
				<string>4C43B41C187FCA5F00D53D79</string>
				<string>4C43B41D187FCA5F00D53D79</string>
				<string>B8ECB91117FD10A9001CEFC3</string>
				<string>B8ECB91217FD10A9001CEFC3</string>
				<string>B8ECB91D17FD1350001CEFC3</string>
				<string>4C43B420188207C800D53D79</string>
				<string>4C43B421188207C800D53D79</string>
				<string>B8ECB91E17FD1350001CEFC3</string>
				<string>B8E48162180641A000AED6C4</string>
				<string>4C43B414187FC3F200D53D79</string>
				<string>4C43B415187FC3F200D53D79</string>
				<string>B8E48163180641A000AED6C4</string>
				<string>B8E4815F1805FCEB00AED6C4</string>
				<string>B8ECB92117FD1381001CEFC3</string>
				<string>B8ECB92217FD140C001CEFC3</string>
				<string>B8E481591804A6E800AED6C4</string>
				<string>B8E4815A1804A6E800AED6C4</string>
				<string>B8ECB91917FD12F9001CEFC3</string>
				<string>B8ECB91A17FD12F9001CEFC3</string>
				<string>B8ECB8F417FD101D001CEFC3</string>
				<string>B8ECB92817FD19C9001CEFC3</string>
				<string>B8ECB92917FD19C9001CEFC3</string>
				<string>B8ECB92A17FD19C9001CEFC3</string>
				<string>B8ECB92B17FD19C9001CEFC3</string>
				<string>B8ECB92517FD1972001CEFC3</string>
				<string>B8ECB8DB17FD101D001CEFC3</string>
			</array>
			<key>isa</key>
			<string>PBXGroup</string>
			<key>path</key>
			<string>Quest</string>
			<key>sourceTree</key>
			<string>&lt;group&gt;</string>
		</dict>
		<key>B8ECB8DB17FD101D001CEFC3</key>
		<dict>
			<key>children</key>
			<array>
				<string>B8ECB8DC17FD101D001CEFC3</string>
				<string>B8ECB8DD17FD101D001CEFC3</string>
				<string>B8ECB8E017FD101D001CEFC3</string>
				<string>B8ECB8E217FD101D001CEFC3</string>
			</array>
			<key>isa</key>
			<string>PBXGroup</string>
			<key>name</key>
			<string>Supporting Files</string>
			<key>sourceTree</key>
			<string>&lt;group&gt;</string>
		</dict>
		<key>B8ECB8DC17FD101D001CEFC3</key>
		<dict>
			<key>isa</key>
			<string>PBXFileReference</string>
			<key>lastKnownFileType</key>
			<string>text.plist.xml</string>
			<key>path</key>
			<string>Quest-Info.plist</string>
			<key>sourceTree</key>
			<string>&lt;group&gt;</string>
		</dict>
		<key>B8ECB8DD17FD101D001CEFC3</key>
		<dict>
			<key>children</key>
			<array>
				<string>B8ECB8DE17FD101D001CEFC3</string>
			</array>
			<key>isa</key>
			<string>PBXVariantGroup</string>
			<key>name</key>
			<string>InfoPlist.strings</string>
			<key>sourceTree</key>
			<string>&lt;group&gt;</string>
		</dict>
		<key>B8ECB8DE17FD101D001CEFC3</key>
		<dict>
			<key>isa</key>
			<string>PBXFileReference</string>
			<key>lastKnownFileType</key>
			<string>text.plist.strings</string>
			<key>name</key>
			<string>en</string>
			<key>path</key>
			<string>en.lproj/InfoPlist.strings</string>
			<key>sourceTree</key>
			<string>&lt;group&gt;</string>
		</dict>
		<key>B8ECB8DF17FD101D001CEFC3</key>
		<dict>
			<key>fileRef</key>
			<string>B8ECB8DD17FD101D001CEFC3</string>
			<key>isa</key>
			<string>PBXBuildFile</string>
		</dict>
		<key>B8ECB8E017FD101D001CEFC3</key>
		<dict>
			<key>isa</key>
			<string>PBXFileReference</string>
			<key>lastKnownFileType</key>
			<string>sourcecode.c.objc</string>
			<key>path</key>
			<string>main.m</string>
			<key>sourceTree</key>
			<string>&lt;group&gt;</string>
		</dict>
		<key>B8ECB8E117FD101D001CEFC3</key>
		<dict>
			<key>fileRef</key>
			<string>B8ECB8E017FD101D001CEFC3</string>
			<key>isa</key>
			<string>PBXBuildFile</string>
		</dict>
		<key>B8ECB8E217FD101D001CEFC3</key>
		<dict>
			<key>isa</key>
			<string>PBXFileReference</string>
			<key>lastKnownFileType</key>
			<string>sourcecode.c.h</string>
			<key>path</key>
			<string>Quest-Prefix.pch</string>
			<key>sourceTree</key>
			<string>&lt;group&gt;</string>
		</dict>
		<key>B8ECB8E317FD101D001CEFC3</key>
		<dict>
			<key>isa</key>
			<string>PBXFileReference</string>
			<key>lastKnownFileType</key>
			<string>sourcecode.c.h</string>
			<key>path</key>
			<string>CSAppDelegate.h</string>
			<key>sourceTree</key>
			<string>&lt;group&gt;</string>
		</dict>
		<key>B8ECB8E417FD101D001CEFC3</key>
		<dict>
			<key>isa</key>
			<string>PBXFileReference</string>
			<key>lastKnownFileType</key>
			<string>sourcecode.c.objc</string>
			<key>path</key>
			<string>CSAppDelegate.m</string>
			<key>sourceTree</key>
			<string>&lt;group&gt;</string>
		</dict>
		<key>B8ECB8E517FD101D001CEFC3</key>
		<dict>
			<key>fileRef</key>
			<string>B8ECB8E417FD101D001CEFC3</string>
			<key>isa</key>
			<string>PBXBuildFile</string>
		</dict>
		<key>B8ECB8E617FD101D001CEFC3</key>
		<dict>
			<key>children</key>
			<array>
				<string>B8ECB8E717FD101D001CEFC3</string>
			</array>
			<key>isa</key>
			<string>PBXVariantGroup</string>
			<key>name</key>
			<string>Main_iPhone.storyboard</string>
			<key>sourceTree</key>
			<string>&lt;group&gt;</string>
		</dict>
		<key>B8ECB8E717FD101D001CEFC3</key>
		<dict>
			<key>isa</key>
			<string>PBXFileReference</string>
			<key>lastKnownFileType</key>
			<string>file.storyboard</string>
			<key>name</key>
			<string>Base</string>
			<key>path</key>
			<string>Base.lproj/Main_iPhone.storyboard</string>
			<key>sourceTree</key>
			<string>&lt;group&gt;</string>
		</dict>
		<key>B8ECB8E817FD101D001CEFC3</key>
		<dict>
			<key>fileRef</key>
			<string>B8ECB8E617FD101D001CEFC3</string>
			<key>isa</key>
			<string>PBXBuildFile</string>
		</dict>
		<key>B8ECB8E917FD101D001CEFC3</key>
		<dict>
			<key>children</key>
			<array>
				<string>B8ECB8EA17FD101D001CEFC3</string>
			</array>
			<key>isa</key>
			<string>PBXVariantGroup</string>
			<key>name</key>
			<string>Main_iPad.storyboard</string>
			<key>sourceTree</key>
			<string>&lt;group&gt;</string>
		</dict>
		<key>B8ECB8EA17FD101D001CEFC3</key>
		<dict>
			<key>isa</key>
			<string>PBXFileReference</string>
			<key>lastKnownFileType</key>
			<string>file.storyboard</string>
			<key>name</key>
			<string>Base</string>
			<key>path</key>
			<string>Base.lproj/Main_iPad.storyboard</string>
			<key>sourceTree</key>
			<string>&lt;group&gt;</string>
		</dict>
		<key>B8ECB8EB17FD101D001CEFC3</key>
		<dict>
			<key>fileRef</key>
			<string>B8ECB8E917FD101D001CEFC3</string>
			<key>isa</key>
			<string>PBXBuildFile</string>
		</dict>
		<key>B8ECB8EC17FD101D001CEFC3</key>
		<dict>
			<key>isa</key>
			<string>PBXFileReference</string>
			<key>lastKnownFileType</key>
			<string>sourcecode.c.h</string>
			<key>path</key>
			<string>CSViewController.h</string>
			<key>sourceTree</key>
			<string>&lt;group&gt;</string>
		</dict>
		<key>B8ECB8ED17FD101D001CEFC3</key>
		<dict>
			<key>isa</key>
			<string>PBXFileReference</string>
			<key>lastKnownFileType</key>
			<string>sourcecode.c.objc</string>
			<key>path</key>
			<string>CSViewController.m</string>
			<key>sourceTree</key>
			<string>&lt;group&gt;</string>
		</dict>
		<key>B8ECB8EE17FD101D001CEFC3</key>
		<dict>
			<key>fileRef</key>
			<string>B8ECB8ED17FD101D001CEFC3</string>
			<key>isa</key>
			<string>PBXBuildFile</string>
		</dict>
		<key>B8ECB8F417FD101D001CEFC3</key>
		<dict>
			<key>isa</key>
			<string>PBXFileReference</string>
			<key>lastKnownFileType</key>
			<string>folder.assetcatalog</string>
			<key>path</key>
			<string>Images.xcassets</string>
			<key>sourceTree</key>
			<string>&lt;group&gt;</string>
		</dict>
		<key>B8ECB8F517FD101D001CEFC3</key>
		<dict>
			<key>fileRef</key>
			<string>B8ECB8F417FD101D001CEFC3</string>
			<key>isa</key>
			<string>PBXBuildFile</string>
		</dict>
		<key>B8ECB8F617FD101D001CEFC3</key>
		<dict>
			<key>buildActionMask</key>
			<string>2147483647</string>
			<key>files</key>
			<array>
				<string>4C41B38A1883739300C45CC5</string>
				<string>B8ECB91417FD10A9001CEFC3</string>
				<string>4C43B423188207C800D53D79</string>
				<string>B8E48165180641A000AED6C4</string>
				<string>4C43B41F187FCA5F00D53D79</string>
				<string>4C43B42D18829D2200D53D79</string>
				<string>4C43B417187FC3F200D53D79</string>
				<string>B8ECB90817FD101D001CEFC3</string>
				<string>4C43B42F18829D2200D53D79</string>
				<string>B8ECB91C17FD12F9001CEFC3</string>
				<string>B8ECB92017FD1350001CEFC3</string>
			</array>
			<key>isa</key>
			<string>PBXSourcesBuildPhase</string>
			<key>runOnlyForDeploymentPostprocessing</key>
			<string>0</string>
		</dict>
		<key>B8ECB8F717FD101D001CEFC3</key>
		<dict>
			<key>buildActionMask</key>
			<string>2147483647</string>
			<key>files</key>
			<array>
				<string>B8ECB8FC17FD101D001CEFC3</string>
				<string>B8ECB8FE17FD101D001CEFC3</string>
				<string>B8ECB8FD17FD101D001CEFC3</string>
			</array>
			<key>isa</key>
			<string>PBXFrameworksBuildPhase</string>
			<key>runOnlyForDeploymentPostprocessing</key>
			<string>0</string>
		</dict>
		<key>B8ECB8F817FD101D001CEFC3</key>
		<dict>
			<key>buildActionMask</key>
			<string>2147483647</string>
			<key>files</key>
			<array>
				<string>B8E481611805FCEB00AED6C4</string>
				<string>B8ECB92417FD140C001CEFC3</string>
				<string>B8E4815E1804A6E800AED6C4</string>
				<string>B8E4815C1804A6E800AED6C4</string>
				<string>B8ECB92717FD1972001CEFC3</string>
				<string>B8ECB92D17FD19C9001CEFC3</string>
				<string>B8ECB90617FD101D001CEFC3</string>
				<string>B8ECB93117FD19C9001CEFC3</string>
				<string>B8ECB92F17FD19C9001CEFC3</string>
				<string>B8ECB93317FD19C9001CEFC3</string>
			</array>
			<key>isa</key>
			<string>PBXResourcesBuildPhase</string>
			<key>runOnlyForDeploymentPostprocessing</key>
			<string>0</string>
		</dict>
		<key>B8ECB8F917FD101D001CEFC3</key>
		<dict>
			<key>buildConfigurationList</key>
			<string>B8ECB90E17FD101D001CEFC3</string>
			<key>buildPhases</key>
			<array>
				<string>B8ECB8F617FD101D001CEFC3</string>
				<string>B8ECB8F717FD101D001CEFC3</string>
				<string>B8ECB8F817FD101D001CEFC3</string>
			</array>
			<key>buildRules</key>
			<array/>
			<key>dependencies</key>
			<array>
				<string>B8ECB90017FD101D001CEFC3</string>
			</array>
			<key>isa</key>
			<string>PBXNativeTarget</string>
			<key>name</key>
			<string>QuestTests</string>
			<key>productName</key>
			<string>QuestTests</string>
			<key>productReference</key>
			<string>B8ECB8FA17FD101D001CEFC3</string>
			<key>productType</key>
			<string>com.apple.product-type.bundle.unit-test</string>
		</dict>
		<key>B8ECB8FA17FD101D001CEFC3</key>
		<dict>
			<key>explicitFileType</key>
			<string>wrapper.cfbundle</string>
			<key>includeInIndex</key>
			<string>0</string>
			<key>isa</key>
			<string>PBXFileReference</string>
			<key>path</key>
			<string>QuestTests.xctest</string>
			<key>sourceTree</key>
			<string>BUILT_PRODUCTS_DIR</string>
		</dict>
		<key>B8ECB8FB17FD101D001CEFC3</key>
		<dict>
			<key>isa</key>
			<string>PBXFileReference</string>
			<key>lastKnownFileType</key>
			<string>wrapper.framework</string>
			<key>name</key>
			<string>XCTest.framework</string>
			<key>path</key>
			<string>Library/Frameworks/XCTest.framework</string>
			<key>sourceTree</key>
			<string>DEVELOPER_DIR</string>
		</dict>
		<key>B8ECB8FC17FD101D001CEFC3</key>
		<dict>
			<key>fileRef</key>
			<string>B8ECB8FB17FD101D001CEFC3</string>
			<key>isa</key>
			<string>PBXBuildFile</string>
		</dict>
		<key>B8ECB8FD17FD101D001CEFC3</key>
		<dict>
			<key>fileRef</key>
			<string>B8ECB8D217FD101D001CEFC3</string>
			<key>isa</key>
			<string>PBXBuildFile</string>
		</dict>
		<key>B8ECB8FE17FD101D001CEFC3</key>
		<dict>
			<key>fileRef</key>
			<string>B8ECB8D617FD101D001CEFC3</string>
			<key>isa</key>
			<string>PBXBuildFile</string>
		</dict>
		<key>B8ECB8FF17FD101D001CEFC3</key>
		<dict>
			<key>containerPortal</key>
			<string>B8ECB8C717FD101D001CEFC3</string>
			<key>isa</key>
			<string>PBXContainerItemProxy</string>
			<key>proxyType</key>
			<string>1</string>
			<key>remoteGlobalIDString</key>
			<string>B8ECB8CE17FD101D001CEFC3</string>
			<key>remoteInfo</key>
			<string>Quest</string>
		</dict>
		<key>B8ECB90017FD101D001CEFC3</key>
		<dict>
			<key>isa</key>
			<string>PBXTargetDependency</string>
			<key>target</key>
			<string>B8ECB8CE17FD101D001CEFC3</string>
			<key>targetProxy</key>
			<string>B8ECB8FF17FD101D001CEFC3</string>
		</dict>
		<key>B8ECB90117FD101D001CEFC3</key>
		<dict>
			<key>children</key>
			<array>
				<string>B8ECB90717FD101D001CEFC3</string>
				<string>B8ECB90217FD101D001CEFC3</string>
			</array>
			<key>isa</key>
			<string>PBXGroup</string>
			<key>path</key>
			<string>QuestTests</string>
			<key>sourceTree</key>
			<string>&lt;group&gt;</string>
		</dict>
		<key>B8ECB90217FD101D001CEFC3</key>
		<dict>
			<key>children</key>
			<array>
				<string>B8ECB90317FD101D001CEFC3</string>
				<string>B8ECB90417FD101D001CEFC3</string>
			</array>
			<key>isa</key>
			<string>PBXGroup</string>
			<key>name</key>
			<string>Supporting Files</string>
			<key>sourceTree</key>
			<string>&lt;group&gt;</string>
		</dict>
		<key>B8ECB90317FD101D001CEFC3</key>
		<dict>
			<key>isa</key>
			<string>PBXFileReference</string>
			<key>lastKnownFileType</key>
			<string>text.plist.xml</string>
			<key>path</key>
			<string>QuestTests-Info.plist</string>
			<key>sourceTree</key>
			<string>&lt;group&gt;</string>
		</dict>
		<key>B8ECB90417FD101D001CEFC3</key>
		<dict>
			<key>children</key>
			<array>
				<string>B8ECB90517FD101D001CEFC3</string>
			</array>
			<key>isa</key>
			<string>PBXVariantGroup</string>
			<key>name</key>
			<string>InfoPlist.strings</string>
			<key>sourceTree</key>
			<string>&lt;group&gt;</string>
		</dict>
		<key>B8ECB90517FD101D001CEFC3</key>
		<dict>
			<key>isa</key>
			<string>PBXFileReference</string>
			<key>lastKnownFileType</key>
			<string>text.plist.strings</string>
			<key>name</key>
			<string>en</string>
			<key>path</key>
			<string>en.lproj/InfoPlist.strings</string>
			<key>sourceTree</key>
			<string>&lt;group&gt;</string>
		</dict>
		<key>B8ECB90617FD101D001CEFC3</key>
		<dict>
			<key>fileRef</key>
			<string>B8ECB90417FD101D001CEFC3</string>
			<key>isa</key>
			<string>PBXBuildFile</string>
		</dict>
		<key>B8ECB90717FD101D001CEFC3</key>
		<dict>
			<key>isa</key>
			<string>PBXFileReference</string>
			<key>lastKnownFileType</key>
			<string>sourcecode.c.objc</string>
			<key>path</key>
			<string>QuestTests.m</string>
			<key>sourceTree</key>
			<string>&lt;group&gt;</string>
		</dict>
		<key>B8ECB90817FD101D001CEFC3</key>
		<dict>
			<key>fileRef</key>
			<string>B8ECB90717FD101D001CEFC3</string>
			<key>isa</key>
			<string>PBXBuildFile</string>
		</dict>
		<key>B8ECB90917FD101D001CEFC3</key>
		<dict>
			<key>buildSettings</key>
			<dict>
				<key>ALWAYS_SEARCH_USER_PATHS</key>
				<string>NO</string>
				<key>ARCHS</key>
				<string>$(ARCHS_STANDARD_INCLUDING_64_BIT)</string>
				<key>CLANG_CXX_LANGUAGE_STANDARD</key>
				<string>gnu++0x</string>
				<key>CLANG_CXX_LIBRARY</key>
				<string>libc++</string>
				<key>CLANG_ENABLE_MODULES</key>
				<string>YES</string>
				<key>CLANG_ENABLE_OBJC_ARC</key>
				<string>YES</string>
				<key>CLANG_WARN_BOOL_CONVERSION</key>
				<string>YES</string>
				<key>CLANG_WARN_CONSTANT_CONVERSION</key>
				<string>YES</string>
				<key>CLANG_WARN_DIRECT_OBJC_ISA_USAGE</key>
				<string>YES_ERROR</string>
				<key>CLANG_WARN_EMPTY_BODY</key>
				<string>YES</string>
				<key>CLANG_WARN_ENUM_CONVERSION</key>
				<string>YES</string>
				<key>CLANG_WARN_INT_CONVERSION</key>
				<string>YES</string>
				<key>CLANG_WARN_OBJC_ROOT_CLASS</key>
				<string>YES_ERROR</string>
				<key>CLANG_WARN__DUPLICATE_METHOD_MATCH</key>
				<string>YES</string>
				<key>CODE_SIGN_IDENTITY[sdk=iphoneos*]</key>
				<string>iPhone Developer</string>
				<key>COPY_PHASE_STRIP</key>
				<string>NO</string>
				<key>GCC_C_LANGUAGE_STANDARD</key>
				<string>gnu99</string>
				<key>GCC_DYNAMIC_NO_PIC</key>
				<string>NO</string>
				<key>GCC_OPTIMIZATION_LEVEL</key>
				<string>0</string>
				<key>GCC_PREPROCESSOR_DEFINITIONS</key>
				<array>
					<string>DEBUG=1</string>
					<string>$(inherited)</string>
				</array>
				<key>GCC_SYMBOLS_PRIVATE_EXTERN</key>
				<string>NO</string>
				<key>GCC_WARN_64_TO_32_BIT_CONVERSION</key>
				<string>YES</string>
				<key>GCC_WARN_ABOUT_RETURN_TYPE</key>
				<string>YES_ERROR</string>
				<key>GCC_WARN_UNDECLARED_SELECTOR</key>
				<string>YES</string>
				<key>GCC_WARN_UNINITIALIZED_AUTOS</key>
				<string>YES</string>
				<key>GCC_WARN_UNUSED_FUNCTION</key>
				<string>YES</string>
				<key>GCC_WARN_UNUSED_VARIABLE</key>
				<string>YES</string>
				<key>IPHONEOS_DEPLOYMENT_TARGET</key>
				<string>7.0</string>
				<key>ONLY_ACTIVE_ARCH</key>
				<string>YES</string>
				<key>SDKROOT</key>
				<string>iphoneos</string>
				<key>TARGETED_DEVICE_FAMILY</key>
				<string>1,2</string>
			</dict>
			<key>isa</key>
			<string>XCBuildConfiguration</string>
			<key>name</key>
			<string>Debug</string>
		</dict>
		<key>B8ECB90A17FD101D001CEFC3</key>
		<dict>
			<key>buildSettings</key>
			<dict>
				<key>ALWAYS_SEARCH_USER_PATHS</key>
				<string>NO</string>
				<key>ARCHS</key>
				<string>$(ARCHS_STANDARD_INCLUDING_64_BIT)</string>
				<key>CLANG_CXX_LANGUAGE_STANDARD</key>
				<string>gnu++0x</string>
				<key>CLANG_CXX_LIBRARY</key>
				<string>libc++</string>
				<key>CLANG_ENABLE_MODULES</key>
				<string>YES</string>
				<key>CLANG_ENABLE_OBJC_ARC</key>
				<string>YES</string>
				<key>CLANG_WARN_BOOL_CONVERSION</key>
				<string>YES</string>
				<key>CLANG_WARN_CONSTANT_CONVERSION</key>
				<string>YES</string>
				<key>CLANG_WARN_DIRECT_OBJC_ISA_USAGE</key>
				<string>YES_ERROR</string>
				<key>CLANG_WARN_EMPTY_BODY</key>
				<string>YES</string>
				<key>CLANG_WARN_ENUM_CONVERSION</key>
				<string>YES</string>
				<key>CLANG_WARN_INT_CONVERSION</key>
				<string>YES</string>
				<key>CLANG_WARN_OBJC_ROOT_CLASS</key>
				<string>YES_ERROR</string>
				<key>CLANG_WARN__DUPLICATE_METHOD_MATCH</key>
				<string>YES</string>
				<key>CODE_SIGN_IDENTITY[sdk=iphoneos*]</key>
				<string>iPhone Developer</string>
				<key>COPY_PHASE_STRIP</key>
				<string>YES</string>
				<key>ENABLE_NS_ASSERTIONS</key>
				<string>NO</string>
				<key>GCC_C_LANGUAGE_STANDARD</key>
				<string>gnu99</string>
				<key>GCC_WARN_64_TO_32_BIT_CONVERSION</key>
				<string>YES</string>
				<key>GCC_WARN_ABOUT_RETURN_TYPE</key>
				<string>YES_ERROR</string>
				<key>GCC_WARN_UNDECLARED_SELECTOR</key>
				<string>YES</string>
				<key>GCC_WARN_UNINITIALIZED_AUTOS</key>
				<string>YES</string>
				<key>GCC_WARN_UNUSED_FUNCTION</key>
				<string>YES</string>
				<key>GCC_WARN_UNUSED_VARIABLE</key>
				<string>YES</string>
				<key>IPHONEOS_DEPLOYMENT_TARGET</key>
				<string>7.0</string>
				<key>SDKROOT</key>
				<string>iphoneos</string>
				<key>TARGETED_DEVICE_FAMILY</key>
				<string>1,2</string>
				<key>VALIDATE_PRODUCT</key>
				<string>YES</string>
			</dict>
			<key>isa</key>
			<string>XCBuildConfiguration</string>
			<key>name</key>
			<string>Release</string>
		</dict>
		<key>B8ECB90B17FD101D001CEFC3</key>
		<dict>
			<key>buildConfigurations</key>
			<array>
				<string>B8ECB90C17FD101D001CEFC3</string>
				<string>B8ECB90D17FD101D001CEFC3</string>
			</array>
			<key>defaultConfigurationIsVisible</key>
			<string>0</string>
			<key>defaultConfigurationName</key>
			<string>Release</string>
			<key>isa</key>
			<string>XCConfigurationList</string>
		</dict>
		<key>B8ECB90C17FD101D001CEFC3</key>
		<dict>
			<key>baseConfigurationReference</key>
			<string>B88570A9C68443CFB897A744</string>
			<key>buildSettings</key>
			<dict>
				<key>ASSETCATALOG_COMPILER_APPICON_NAME</key>
				<string>AppIcon</string>
				<key>ASSETCATALOG_COMPILER_LAUNCHIMAGE_NAME</key>
				<string>LaunchImage</string>
				<key>CODE_SIGN_IDENTITY</key>
				<string>iPhone Developer</string>
				<key>CODE_SIGN_IDENTITY[sdk=iphoneos*]</key>
				<string>iPhone Developer</string>
				<key>GCC_PRECOMPILE_PREFIX_HEADER</key>
				<string>YES</string>
				<key>GCC_PREFIX_HEADER</key>
				<string>Quest/Quest-Prefix.pch</string>
				<key>INFOPLIST_FILE</key>
				<string>Quest/Quest-Info.plist</string>
				<key>PRODUCT_NAME</key>
				<string>$(TARGET_NAME)</string>
				<key>PROVISIONING_PROFILE</key>
				<string></string>
				<key>SPRITEKIT_TEXTURE_ATLAS_OUTPUT</key>
				<string>YES</string>
				<key>WRAPPER_EXTENSION</key>
				<string>app</string>
			</dict>
			<key>isa</key>
			<string>XCBuildConfiguration</string>
			<key>name</key>
			<string>Debug</string>
		</dict>
		<key>B8ECB90D17FD101D001CEFC3</key>
		<dict>
			<key>baseConfigurationReference</key>
			<string>B88570A9C68443CFB897A744</string>
			<key>buildSettings</key>
			<dict>
				<key>ASSETCATALOG_COMPILER_APPICON_NAME</key>
				<string>AppIcon</string>
				<key>ASSETCATALOG_COMPILER_LAUNCHIMAGE_NAME</key>
				<string>LaunchImage</string>
				<key>CODE_SIGN_IDENTITY</key>
				<string>iPhone Developer</string>
				<key>CODE_SIGN_IDENTITY[sdk=iphoneos*]</key>
				<string>iPhone Developer</string>
				<key>GCC_PRECOMPILE_PREFIX_HEADER</key>
				<string>YES</string>
				<key>GCC_PREFIX_HEADER</key>
				<string>Quest/Quest-Prefix.pch</string>
				<key>INFOPLIST_FILE</key>
				<string>Quest/Quest-Info.plist</string>
				<key>PRODUCT_NAME</key>
				<string>$(TARGET_NAME)</string>
				<key>PROVISIONING_PROFILE</key>
				<string></string>
				<key>SPRITEKIT_TEXTURE_ATLAS_OUTPUT</key>
				<string>YES</string>
				<key>WRAPPER_EXTENSION</key>
				<string>app</string>
			</dict>
			<key>isa</key>
			<string>XCBuildConfiguration</string>
			<key>name</key>
			<string>Release</string>
		</dict>
		<key>B8ECB90E17FD101D001CEFC3</key>
		<dict>
			<key>buildConfigurations</key>
			<array>
				<string>B8ECB90F17FD101D001CEFC3</string>
				<string>B8ECB91017FD101D001CEFC3</string>
			</array>
			<key>defaultConfigurationIsVisible</key>
			<string>0</string>
			<key>defaultConfigurationName</key>
			<string>Release</string>
			<key>isa</key>
			<string>XCConfigurationList</string>
		</dict>
		<key>B8ECB90F17FD101D001CEFC3</key>
		<dict>
			<key>buildSettings</key>
			<dict>
				<key>ARCHS</key>
				<string>$(ARCHS_STANDARD_INCLUDING_64_BIT)</string>
				<key>BUNDLE_LOADER</key>
				<string>$(BUILT_PRODUCTS_DIR)/Quest.app/Quest</string>
				<key>FRAMEWORK_SEARCH_PATHS</key>
				<array>
					<string>$(SDKROOT)/Developer/Library/Frameworks</string>
					<string>$(inherited)</string>
					<string>$(DEVELOPER_FRAMEWORKS_DIR)</string>
				</array>
				<key>GCC_PRECOMPILE_PREFIX_HEADER</key>
				<string>YES</string>
				<key>GCC_PREFIX_HEADER</key>
				<string>Quest/Quest-Prefix.pch</string>
				<key>GCC_PREPROCESSOR_DEFINITIONS</key>
				<array>
					<string>DEBUG=1</string>
					<string>$(inherited)</string>
				</array>
				<key>INFOPLIST_FILE</key>
				<string>QuestTests/QuestTests-Info.plist</string>
				<key>PRODUCT_NAME</key>
				<string>$(TARGET_NAME)</string>
				<key>TEST_HOST</key>
				<string>$(BUNDLE_LOADER)</string>
				<key>WRAPPER_EXTENSION</key>
				<string>xctest</string>
			</dict>
			<key>isa</key>
			<string>XCBuildConfiguration</string>
			<key>name</key>
			<string>Debug</string>
		</dict>
		<key>B8ECB91017FD101D001CEFC3</key>
		<dict>
			<key>buildSettings</key>
			<dict>
				<key>ARCHS</key>
				<string>$(ARCHS_STANDARD_INCLUDING_64_BIT)</string>
				<key>BUNDLE_LOADER</key>
				<string>$(BUILT_PRODUCTS_DIR)/Quest.app/Quest</string>
				<key>FRAMEWORK_SEARCH_PATHS</key>
				<array>
					<string>$(SDKROOT)/Developer/Library/Frameworks</string>
					<string>$(inherited)</string>
					<string>$(DEVELOPER_FRAMEWORKS_DIR)</string>
				</array>
				<key>GCC_PRECOMPILE_PREFIX_HEADER</key>
				<string>YES</string>
				<key>GCC_PREFIX_HEADER</key>
				<string>Quest/Quest-Prefix.pch</string>
				<key>INFOPLIST_FILE</key>
				<string>QuestTests/QuestTests-Info.plist</string>
				<key>PRODUCT_NAME</key>
				<string>$(TARGET_NAME)</string>
				<key>TEST_HOST</key>
				<string>$(BUNDLE_LOADER)</string>
				<key>WRAPPER_EXTENSION</key>
				<string>xctest</string>
			</dict>
			<key>isa</key>
			<string>XCBuildConfiguration</string>
			<key>name</key>
			<string>Release</string>
		</dict>
		<key>B8ECB91117FD10A9001CEFC3</key>
		<dict>
			<key>fileEncoding</key>
			<string>4</string>
			<key>isa</key>
			<string>PBXFileReference</string>
			<key>lastKnownFileType</key>
			<string>sourcecode.c.h</string>
			<key>path</key>
			<string>CSLevel.h</string>
			<key>sourceTree</key>
			<string>&lt;group&gt;</string>
		</dict>
		<key>B8ECB91217FD10A9001CEFC3</key>
		<dict>
			<key>fileEncoding</key>
			<string>4</string>
			<key>isa</key>
			<string>PBXFileReference</string>
			<key>lastKnownFileType</key>
			<string>sourcecode.c.objc</string>
			<key>path</key>
			<string>CSLevel.m</string>
			<key>sourceTree</key>
			<string>&lt;group&gt;</string>
		</dict>
		<key>B8ECB91317FD10A9001CEFC3</key>
		<dict>
			<key>fileRef</key>
			<string>B8ECB91217FD10A9001CEFC3</string>
			<key>isa</key>
			<string>PBXBuildFile</string>
		</dict>
		<key>B8ECB91417FD10A9001CEFC3</key>
		<dict>
			<key>fileRef</key>
			<string>B8ECB91217FD10A9001CEFC3</string>
			<key>isa</key>
			<string>PBXBuildFile</string>
		</dict>
		<key>B8ECB91917FD12F9001CEFC3</key>
		<dict>
			<key>fileEncoding</key>
			<string>4</string>
			<key>isa</key>
			<string>PBXFileReference</string>
			<key>lastKnownFileType</key>
			<string>sourcecode.c.h</string>
			<key>path</key>
			<string>CSStartMenu.h</string>
			<key>sourceTree</key>
			<string>&lt;group&gt;</string>
		</dict>
		<key>B8ECB91A17FD12F9001CEFC3</key>
		<dict>
			<key>fileEncoding</key>
			<string>4</string>
			<key>isa</key>
			<string>PBXFileReference</string>
			<key>lastKnownFileType</key>
			<string>sourcecode.c.objc</string>
			<key>path</key>
			<string>CSStartMenu.m</string>
			<key>sourceTree</key>
			<string>&lt;group&gt;</string>
		</dict>
		<key>B8ECB91B17FD12F9001CEFC3</key>
		<dict>
			<key>fileRef</key>
			<string>B8ECB91A17FD12F9001CEFC3</string>
			<key>isa</key>
			<string>PBXBuildFile</string>
		</dict>
		<key>B8ECB91C17FD12F9001CEFC3</key>
		<dict>
			<key>fileRef</key>
			<string>B8ECB91A17FD12F9001CEFC3</string>
			<key>isa</key>
			<string>PBXBuildFile</string>
		</dict>
		<key>B8ECB91D17FD1350001CEFC3</key>
		<dict>
			<key>fileEncoding</key>
			<string>4</string>
			<key>isa</key>
			<string>PBXFileReference</string>
			<key>lastKnownFileType</key>
			<string>sourcecode.c.h</string>
			<key>path</key>
			<string>CSCharacter.h</string>
			<key>sourceTree</key>
			<string>&lt;group&gt;</string>
		</dict>
		<key>B8ECB91E17FD1350001CEFC3</key>
		<dict>
			<key>fileEncoding</key>
			<string>4</string>
			<key>isa</key>
			<string>PBXFileReference</string>
			<key>lastKnownFileType</key>
			<string>sourcecode.c.objc</string>
			<key>path</key>
			<string>CSCharacter.m</string>
			<key>sourceTree</key>
			<string>&lt;group&gt;</string>
		</dict>
		<key>B8ECB91F17FD1350001CEFC3</key>
		<dict>
			<key>fileRef</key>
			<string>B8ECB91E17FD1350001CEFC3</string>
			<key>isa</key>
			<string>PBXBuildFile</string>
		</dict>
		<key>B8ECB92017FD1350001CEFC3</key>
		<dict>
			<key>fileRef</key>
			<string>B8ECB91E17FD1350001CEFC3</string>
			<key>isa</key>
			<string>PBXBuildFile</string>
		</dict>
		<key>B8ECB92117FD1381001CEFC3</key>
		<dict>
			<key>fileEncoding</key>
			<string>4</string>
			<key>isa</key>
			<string>PBXFileReference</string>
			<key>lastKnownFileType</key>
			<string>sourcecode.c.h</string>
			<key>path</key>
			<string>constants.h</string>
			<key>sourceTree</key>
			<string>&lt;group&gt;</string>
		</dict>
		<key>B8ECB92217FD140C001CEFC3</key>
		<dict>
			<key>fileEncoding</key>
			<string>4</string>
			<key>isa</key>
			<string>PBXFileReference</string>
			<key>lastKnownFileType</key>
			<string>text.plist.xml</string>
			<key>path</key>
			<string>GameData.plist</string>
			<key>sourceTree</key>
			<string>&lt;group&gt;</string>
		</dict>
		<key>B8ECB92317FD140C001CEFC3</key>
		<dict>
			<key>fileRef</key>
			<string>B8ECB92217FD140C001CEFC3</string>
			<key>isa</key>
			<string>PBXBuildFile</string>
		</dict>
		<key>B8ECB92417FD140C001CEFC3</key>
		<dict>
			<key>fileRef</key>
			<string>B8ECB92217FD140C001CEFC3</string>
			<key>isa</key>
			<string>PBXBuildFile</string>
		</dict>
		<key>B8ECB92517FD1972001CEFC3</key>
		<dict>
			<key>isa</key>
			<string>PBXFileReference</string>
			<key>lastKnownFileType</key>
			<string>folder.skatlas</string>
			<key>path</key>
			<string>front.atlas</string>
			<key>sourceTree</key>
			<string>&lt;group&gt;</string>
		</dict>
		<key>B8ECB92617FD1972001CEFC3</key>
		<dict>
			<key>fileRef</key>
			<string>B8ECB92517FD1972001CEFC3</string>
			<key>isa</key>
			<string>PBXBuildFile</string>
		</dict>
		<key>B8ECB92717FD1972001CEFC3</key>
		<dict>
			<key>fileRef</key>
			<string>B8ECB92517FD1972001CEFC3</string>
			<key>isa</key>
			<string>PBXBuildFile</string>
		</dict>
		<key>B8ECB92817FD19C9001CEFC3</key>
		<dict>
			<key>isa</key>
			<string>PBXFileReference</string>
			<key>lastKnownFileType</key>
			<string>folder.skatlas</string>
			<key>path</key>
			<string>still.atlas</string>
			<key>sourceTree</key>
			<string>&lt;group&gt;</string>
		</dict>
		<key>B8ECB92917FD19C9001CEFC3</key>
		<dict>
			<key>isa</key>
			<string>PBXFileReference</string>
			<key>lastKnownFileType</key>
			<string>folder.skatlas</string>
			<key>path</key>
			<string>back.atlas</string>
			<key>sourceTree</key>
			<string>&lt;group&gt;</string>
		</dict>
		<key>B8ECB92A17FD19C9001CEFC3</key>
		<dict>
			<key>isa</key>
			<string>PBXFileReference</string>
			<key>lastKnownFileType</key>
			<string>folder.skatlas</string>
			<key>path</key>
			<string>side.atlas</string>
			<key>sourceTree</key>
			<string>&lt;group&gt;</string>
		</dict>
		<key>B8ECB92B17FD19C9001CEFC3</key>
		<dict>
			<key>isa</key>
			<string>PBXFileReference</string>
			<key>lastKnownFileType</key>
			<string>folder.skatlas</string>
			<key>path</key>
			<string>blob.atlas</string>
			<key>sourceTree</key>
			<string>&lt;group&gt;</string>
		</dict>
		<key>B8ECB92C17FD19C9001CEFC3</key>
		<dict>
			<key>fileRef</key>
			<string>B8ECB92817FD19C9001CEFC3</string>
			<key>isa</key>
			<string>PBXBuildFile</string>
		</dict>
		<key>B8ECB92D17FD19C9001CEFC3</key>
		<dict>
			<key>fileRef</key>
			<string>B8ECB92817FD19C9001CEFC3</string>
			<key>isa</key>
			<string>PBXBuildFile</string>
		</dict>
		<key>B8ECB92E17FD19C9001CEFC3</key>
		<dict>
			<key>fileRef</key>
			<string>B8ECB92917FD19C9001CEFC3</string>
			<key>isa</key>
			<string>PBXBuildFile</string>
		</dict>
		<key>B8ECB92F17FD19C9001CEFC3</key>
		<dict>
			<key>fileRef</key>
			<string>B8ECB92917FD19C9001CEFC3</string>
			<key>isa</key>
			<string>PBXBuildFile</string>
		</dict>
		<key>B8ECB93017FD19C9001CEFC3</key>
		<dict>
			<key>fileRef</key>
			<string>B8ECB92A17FD19C9001CEFC3</string>
			<key>isa</key>
			<string>PBXBuildFile</string>
		</dict>
		<key>B8ECB93117FD19C9001CEFC3</key>
		<dict>
			<key>fileRef</key>
			<string>B8ECB92A17FD19C9001CEFC3</string>
			<key>isa</key>
			<string>PBXBuildFile</string>
		</dict>
		<key>B8ECB93217FD19C9001CEFC3</key>
		<dict>
			<key>fileRef</key>
			<string>B8ECB92B17FD19C9001CEFC3</string>
			<key>isa</key>
			<string>PBXBuildFile</string>
		</dict>
		<key>B8ECB93317FD19C9001CEFC3</key>
		<dict>
			<key>fileRef</key>
			<string>B8ECB92B17FD19C9001CEFC3</string>
			<key>isa</key>
			<string>PBXBuildFile</string>
		</dict>
		<key>C26FBFA8A49448EC98260C9F</key>
		<dict>
			<key>buildActionMask</key>
			<string>2147483647</string>
			<key>files</key>
			<array/>
			<key>inputPaths</key>
			<array/>
			<key>isa</key>
			<string>PBXShellScriptBuildPhase</string>
			<key>name</key>
			<string>Check Pods Manifest.lock</string>
			<key>outputPaths</key>
			<array/>
			<key>runOnlyForDeploymentPostprocessing</key>
			<string>0</string>
			<key>shellPath</key>
			<string>/bin/sh</string>
			<key>shellScript</key>
			<string>diff "${PODS_ROOT}/../Podfile.lock" "${PODS_ROOT}/Manifest.lock" &gt; /dev/null
if [[ $? != 0 ]] ; then
    cat &lt;&lt; EOM
error: The sandbox is not in sync with the Podfile.lock. Run 'pod install' or update your CocoaPods installation.
EOM
    exit 1
fi
</string>
			<key>showEnvVarsInLog</key>
			<string>0</string>
		</dict>
		<key>FA3F75FD8FA64D2F9E4CF4A6</key>
		<dict>
			<key>explicitFileType</key>
			<string>archive.ar</string>
			<key>includeInIndex</key>
			<string>0</string>
			<key>isa</key>
			<string>PBXFileReference</string>
			<key>path</key>
			<string>libPods.a</string>
			<key>sourceTree</key>
			<string>BUILT_PRODUCTS_DIR</string>
		</dict>
	</dict>
	<key>rootObject</key>
	<string>B8ECB8C717FD101D001CEFC3</string>
</dict>
</plist>
